// !$*UTF8*$!
{
	archiveVersion = 1;
	classes = {
	};
	objectVersion = 48;
	objects = {

/* Begin PBXBuildFile section */
		569E9794207A2A830066A315 /* Cocoa.framework in Frameworks */ = {isa = PBXBuildFile; fileRef = 569E9793207A2A830066A315 /* Cocoa.framework */; };
		569E9797207A2A830066A315 /* CRHFileFormat-Prefix.pch in Resources */ = {isa = PBXBuildFile; fileRef = 569E9796207A2A830066A315 /* CRHFileFormat-Prefix.pch */; };
		569E9799207A2A830066A315 /* CRHFileFormat-Info.plist in Resources */ = {isa = PBXBuildFile; fileRef = 569E9798207A2A830066A315 /* CRHFileFormat-Info.plist */; };
		569E979C207A2A830066A315 /* CRHFileFormat.m in Sources */ = {isa = PBXBuildFile; fileRef = 569E979B207A2A830066A315 /* CRHFileFormat.m */; };
		569E97A0207A2A830066A315 /* CRHFileFormatDialog.xib in Resources */ = {isa = PBXBuildFile; fileRef = 569E979E207A2A830066A315 /* CRHFileFormatDialog.xib */; };
		569E97A2207A2A830066A315 /* ExportIcon.tif in Resources */ = {isa = PBXBuildFile; fileRef = 569E97A1207A2A830066A315 /* ExportIcon.tif */; };
		569E97A4207A2A830066A315 /* ExportIcon@2x.tif in Resources */ = {isa = PBXBuildFile; fileRef = 569E97A3207A2A830066A315 /* ExportIcon@2x.tif */; };
		569E97A6207A2A830066A315 /* GlyphsCore.framework in Frameworks */ = {isa = PBXBuildFile; fileRef = 569E97A5207A2A830066A315 /* GlyphsCore.framework */; };
		569E97B4207A2BEA0066A315 /* testCHR.m in Sources */ = {isa = PBXBuildFile; fileRef = 569E97B3207A2BEA0066A315 /* testCHR.m */; };
		569E97B9207A2C1A0066A315 /* CRHFileFormat.m in Sources */ = {isa = PBXBuildFile; fileRef = 569E979B207A2A830066A315 /* CRHFileFormat.m */; };
		569E97BC207A2C3E0066A315 /* BOLD.CHR in Resources */ = {isa = PBXBuildFile; fileRef = 569E97BB207A2C3E0066A315 /* BOLD.CHR */; };
		569E97C1207A3C0F0066A315 /* NSData+ReadInts.m in Sources */ = {isa = PBXBuildFile; fileRef = 569E97C0207A3C0F0066A315 /* NSData+ReadInts.m */; };
		569E97C2207A3C110066A315 /* NSData+ReadInts.m in Sources */ = {isa = PBXBuildFile; fileRef = 569E97C0207A3C0F0066A315 /* NSData+ReadInts.m */; };
/* End PBXBuildFile section */

/* Begin PBXCopyFilesBuildPhase section */
		569E97BD207A2E450066A315 /* CopyFiles */ = {
			isa = PBXCopyFilesBuildPhase;
			buildActionMask = 2147483647;
			dstPath = "";
			dstSubfolderSpec = 10;
			files = (
			);
			runOnlyForDeploymentPostprocessing = 0;
		};
/* End PBXCopyFilesBuildPhase section */

/* Begin PBXFileReference section */
		569E9790207A2A830066A315 /* CRHFileFormat.glyphsFileFormat */ = {isa = PBXFileReference; explicitFileType = wrapper.cfbundle; includeInIndex = 0; path = CRHFileFormat.glyphsFileFormat; sourceTree = BUILT_PRODUCTS_DIR; };
		569E9793207A2A830066A315 /* Cocoa.framework */ = {isa = PBXFileReference; lastKnownFileType = wrapper.framework; name = Cocoa.framework; path = /System/Library/Frameworks/Cocoa.framework; sourceTree = "<absolute>"; };
		569E9796207A2A830066A315 /* CRHFileFormat-Prefix.pch */ = {isa = PBXFileReference; lastKnownFileType = sourcecode.c.h; path = "CRHFileFormat-Prefix.pch"; sourceTree = "<group>"; };
		569E9798207A2A830066A315 /* CRHFileFormat-Info.plist */ = {isa = PBXFileReference; lastKnownFileType = text.plist.xml; path = "CRHFileFormat-Info.plist"; sourceTree = "<group>"; };
		569E979A207A2A830066A315 /* CRHFileFormat.h */ = {isa = PBXFileReference; lastKnownFileType = sourcecode.c.h; path = CRHFileFormat.h; sourceTree = "<group>"; };
		569E979B207A2A830066A315 /* CRHFileFormat.m */ = {isa = PBXFileReference; lastKnownFileType = sourcecode.c.objc; path = CRHFileFormat.m; sourceTree = "<group>"; };
		569E979F207A2A830066A315 /* en */ = {isa = PBXFileReference; lastKnownFileType = file.xib; name = en; path = en.lproj/CRHFileFormatDialog.xib; sourceTree = "<group>"; };
		569E97A1207A2A830066A315 /* ExportIcon.tif */ = {isa = PBXFileReference; lastKnownFileType = image.tiff; path = ExportIcon.tif; sourceTree = "<group>"; };
		569E97A3207A2A830066A315 /* ExportIcon@2x.tif */ = {isa = PBXFileReference; lastKnownFileType = image.tiff; path = "ExportIcon@2x.tif"; sourceTree = "<group>"; };
		569E97A5207A2A830066A315 /* GlyphsCore.framework */ = {isa = PBXFileReference; lastKnownFileType = wrapper.framework; name = GlyphsCore.framework; path = /Applications/Glyphs.app/Contents/Frameworks/GlyphsCore.framework; sourceTree = "<absolute>"; };
		569E97A7207A2A830066A315 /* Info.plist */ = {isa = PBXFileReference; lastKnownFileType = text.plist.xml; path = Info.plist; sourceTree = "<group>"; };
		569E97B1207A2BEA0066A315 /* testCHR.xctest */ = {isa = PBXFileReference; explicitFileType = wrapper.cfbundle; includeInIndex = 0; path = testCHR.xctest; sourceTree = BUILT_PRODUCTS_DIR; };
		569E97B3207A2BEA0066A315 /* testCHR.m */ = {isa = PBXFileReference; lastKnownFileType = sourcecode.c.objc; path = testCHR.m; sourceTree = "<group>"; };
		569E97B5207A2BEA0066A315 /* Info.plist */ = {isa = PBXFileReference; lastKnownFileType = text.plist.xml; path = Info.plist; sourceTree = "<group>"; };
		569E97BB207A2C3E0066A315 /* BOLD.CHR */ = {isa = PBXFileReference; lastKnownFileType = file; path = BOLD.CHR; sourceTree = "<group>"; };
		569E97BF207A3C0F0066A315 /* NSData+ReadInts.h */ = {isa = PBXFileReference; lastKnownFileType = sourcecode.c.h; path = "NSData+ReadInts.h"; sourceTree = "<group>"; };
		569E97C0207A3C0F0066A315 /* NSData+ReadInts.m */ = {isa = PBXFileReference; lastKnownFileType = sourcecode.c.objc; path = "NSData+ReadInts.m"; sourceTree = "<group>"; };
/* End PBXFileReference section */

/* Begin PBXFrameworksBuildPhase section */
		569E978D207A2A830066A315 /* Frameworks */ = {
			isa = PBXFrameworksBuildPhase;
			buildActionMask = 2147483647;
			files = (
				569E97A6207A2A830066A315 /* GlyphsCore.framework in Frameworks */,
				569E9794207A2A830066A315 /* Cocoa.framework in Frameworks */,
			);
			runOnlyForDeploymentPostprocessing = 0;
		};
		569E97AE207A2BEA0066A315 /* Frameworks */ = {
			isa = PBXFrameworksBuildPhase;
			buildActionMask = 2147483647;
			files = (
			);
			runOnlyForDeploymentPostprocessing = 0;
		};
/* End PBXFrameworksBuildPhase section */

/* Begin PBXGroup section */
		569E9787207A2A830066A315 = {
			isa = PBXGroup;
			children = (
				569E9795207A2A830066A315 /* CRHFileFormat */,
				569E97B2207A2BEA0066A315 /* testCHR */,
				569E9792207A2A830066A315 /* Frameworks */,
				569E9791207A2A830066A315 /* Products */,
			);
			sourceTree = "<group>";
		};
		569E9791207A2A830066A315 /* Products */ = {
			isa = PBXGroup;
			children = (
				569E9790207A2A830066A315 /* CRHFileFormat.glyphsFileFormat */,
				569E97B1207A2BEA0066A315 /* testCHR.xctest */,
			);
			name = Products;
			sourceTree = "<group>";
		};
		569E9792207A2A830066A315 /* Frameworks */ = {
			isa = PBXGroup;
			children = (
				569E9793207A2A830066A315 /* Cocoa.framework */,
			);
			name = Frameworks;
			sourceTree = "<group>";
		};
		569E9795207A2A830066A315 /* CRHFileFormat */ = {
			isa = PBXGroup;
			children = (
				569E9796207A2A830066A315 /* CRHFileFormat-Prefix.pch */,
				569E9798207A2A830066A315 /* CRHFileFormat-Info.plist */,
				569E979A207A2A830066A315 /* CRHFileFormat.h */,
				569E979B207A2A830066A315 /* CRHFileFormat.m */,
				569E97A7207A2A830066A315 /* Info.plist */,
				569E979D207A2A830066A315 /* Supporting Files */,
				569E97BF207A3C0F0066A315 /* NSData+ReadInts.h */,
				569E97C0207A3C0F0066A315 /* NSData+ReadInts.m */,
			);
			path = CRHFileFormat;
			sourceTree = "<group>";
		};
		569E979D207A2A830066A315 /* Supporting Files */ = {
			isa = PBXGroup;
			children = (
				569E979E207A2A830066A315 /* CRHFileFormatDialog.xib */,
				569E97A1207A2A830066A315 /* ExportIcon.tif */,
				569E97A3207A2A830066A315 /* ExportIcon@2x.tif */,
				569E97A5207A2A830066A315 /* GlyphsCore.framework */,
			);
			name = "Supporting Files";
			sourceTree = "<group>";
		};
		569E97B2207A2BEA0066A315 /* testCHR */ = {
			isa = PBXGroup;
			children = (
				569E97B3207A2BEA0066A315 /* testCHR.m */,
				569E97BB207A2C3E0066A315 /* BOLD.CHR */,
				569E97B5207A2BEA0066A315 /* Info.plist */,
			);
			path = testCHR;
			sourceTree = "<group>";
		};
/* End PBXGroup section */

/* Begin PBXNativeTarget section */
		569E978F207A2A830066A315 /* CRHFileFormat */ = {
			isa = PBXNativeTarget;
			buildConfigurationList = 569E97AA207A2A830066A315 /* Build configuration list for PBXNativeTarget "CRHFileFormat" */;
			buildPhases = (
				569E978C207A2A830066A315 /* Sources */,
				569E978D207A2A830066A315 /* Frameworks */,
				569E978E207A2A830066A315 /* Resources */,
			);
			buildRules = (
			);
			dependencies = (
			);
			name = CRHFileFormat;
			productName = CRHFileFormat;
			productReference = 569E9790207A2A830066A315 /* CRHFileFormat.glyphsFileFormat */;
			productType = "com.apple.product-type.bundle";
		};
		569E97B0207A2BEA0066A315 /* testCHR */ = {
			isa = PBXNativeTarget;
			buildConfigurationList = 569E97B6207A2BEA0066A315 /* Build configuration list for PBXNativeTarget "testCHR" */;
			buildPhases = (
				569E97AD207A2BEA0066A315 /* Sources */,
				569E97AE207A2BEA0066A315 /* Frameworks */,
				569E97AF207A2BEA0066A315 /* Resources */,
				569E97BD207A2E450066A315 /* CopyFiles */,
			);
			buildRules = (
			);
			dependencies = (
			);
			name = testCHR;
			productName = testCHR;
			productReference = 569E97B1207A2BEA0066A315 /* testCHR.xctest */;
			productType = "com.apple.product-type.bundle.unit-test";
		};
/* End PBXNativeTarget section */

/* Begin PBXProject section */
		569E9788207A2A830066A315 /* Project object */ = {
			isa = PBXProject;
			attributes = {
				LastUpgradeCheck = 0920;
				ORGANIZATIONNAME = "Georg Seifert";
				TargetAttributes = {
					569E978F207A2A830066A315 = {
						CreatedOnToolsVersion = 9.2;
						ProvisioningStyle = Automatic;
					};
					569E97B0207A2BEA0066A315 = {
						CreatedOnToolsVersion = 9.2;
						ProvisioningStyle = Automatic;
					};
				};
			};
			buildConfigurationList = 569E978B207A2A830066A315 /* Build configuration list for PBXProject "CRHFileFormat" */;
			compatibilityVersion = "Xcode 8.0";
			developmentRegion = en;
			hasScannedForEncodings = 0;
			knownRegions = (
				en,
			);
			mainGroup = 569E9787207A2A830066A315;
			productRefGroup = 569E9791207A2A830066A315 /* Products */;
			projectDirPath = "";
			projectRoot = "";
			targets = (
				569E978F207A2A830066A315 /* CRHFileFormat */,
				569E97B0207A2BEA0066A315 /* testCHR */,
			);
		};
/* End PBXProject section */

/* Begin PBXResourcesBuildPhase section */
		569E978E207A2A830066A315 /* Resources */ = {
			isa = PBXResourcesBuildPhase;
			buildActionMask = 2147483647;
			files = (
				569E9797207A2A830066A315 /* CRHFileFormat-Prefix.pch in Resources */,
				569E9799207A2A830066A315 /* CRHFileFormat-Info.plist in Resources */,
				569E97A2207A2A830066A315 /* ExportIcon.tif in Resources */,
				569E97A0207A2A830066A315 /* CRHFileFormatDialog.xib in Resources */,
				569E97A4207A2A830066A315 /* ExportIcon@2x.tif in Resources */,
			);
			runOnlyForDeploymentPostprocessing = 0;
		};
		569E97AF207A2BEA0066A315 /* Resources */ = {
			isa = PBXResourcesBuildPhase;
			buildActionMask = 2147483647;
			files = (
				569E97BC207A2C3E0066A315 /* BOLD.CHR in Resources */,
			);
			runOnlyForDeploymentPostprocessing = 0;
		};
/* End PBXResourcesBuildPhase section */

/* Begin PBXSourcesBuildPhase section */
		569E978C207A2A830066A315 /* Sources */ = {
			isa = PBXSourcesBuildPhase;
			buildActionMask = 2147483647;
			files = (
				569E97C1207A3C0F0066A315 /* NSData+ReadInts.m in Sources */,
				569E979C207A2A830066A315 /* CRHFileFormat.m in Sources */,
			);
			runOnlyForDeploymentPostprocessing = 0;
		};
		569E97AD207A2BEA0066A315 /* Sources */ = {
			isa = PBXSourcesBuildPhase;
			buildActionMask = 2147483647;
			files = (
				569E97B9207A2C1A0066A315 /* CRHFileFormat.m in Sources */,
				569E97B4207A2BEA0066A315 /* testCHR.m in Sources */,
				569E97C2207A3C110066A315 /* NSData+ReadInts.m in Sources */,
			);
			runOnlyForDeploymentPostprocessing = 0;
		};
/* End PBXSourcesBuildPhase section */

/* Begin PBXVariantGroup section */
		569E979E207A2A830066A315 /* CRHFileFormatDialog.xib */ = {
			isa = PBXVariantGroup;
			children = (
				569E979F207A2A830066A315 /* en */,
			);
			name = CRHFileFormatDialog.xib;
			sourceTree = "<group>";
		};
/* End PBXVariantGroup section */

/* Begin XCBuildConfiguration section */
		569E97A8207A2A830066A315 /* Debug */ = {
			isa = XCBuildConfiguration;
			buildSettings = {
				ALWAYS_SEARCH_USER_PATHS = NO;
				CLANG_ANALYZER_NONNULL = YES;
				CLANG_ANALYZER_NUMBER_OBJECT_CONVERSION = YES_AGGRESSIVE;
				CLANG_CXX_LANGUAGE_STANDARD = "gnu++14";
				CLANG_CXX_LIBRARY = "libc++";
				CLANG_ENABLE_MODULES = YES;
				CLANG_ENABLE_OBJC_ARC = YES;
				CLANG_WARN_BLOCK_CAPTURE_AUTORELEASING = YES;
				CLANG_WARN_BOOL_CONVERSION = YES;
				CLANG_WARN_COMMA = YES;
				CLANG_WARN_CONSTANT_CONVERSION = YES;
				CLANG_WARN_DIRECT_OBJC_ISA_USAGE = YES_ERROR;
				CLANG_WARN_DOCUMENTATION_COMMENTS = YES;
				CLANG_WARN_EMPTY_BODY = YES;
				CLANG_WARN_ENUM_CONVERSION = YES;
				CLANG_WARN_INFINITE_RECURSION = YES;
				CLANG_WARN_INT_CONVERSION = YES;
				CLANG_WARN_NON_LITERAL_NULL_CONVERSION = YES;
				CLANG_WARN_OBJC_LITERAL_CONVERSION = YES;
				CLANG_WARN_OBJC_ROOT_CLASS = YES_ERROR;
				CLANG_WARN_RANGE_LOOP_ANALYSIS = YES;
				CLANG_WARN_STRICT_PROTOTYPES = YES;
				CLANG_WARN_SUSPICIOUS_MOVE = YES;
				CLANG_WARN_UNGUARDED_AVAILABILITY = YES_AGGRESSIVE;
				CLANG_WARN_UNREACHABLE_CODE = YES;
				CLANG_WARN__DUPLICATE_METHOD_MATCH = YES;
				COPY_PHASE_STRIP = NO;
				DEBUG_INFORMATION_FORMAT = dwarf;
				ENABLE_STRICT_OBJC_MSGSEND = YES;
				ENABLE_TESTABILITY = YES;
				GCC_C_LANGUAGE_STANDARD = gnu11;
				GCC_DYNAMIC_NO_PIC = NO;
				GCC_NO_COMMON_BLOCKS = YES;
				GCC_OPTIMIZATION_LEVEL = 0;
				GCC_PREPROCESSOR_DEFINITIONS = (
					"DEBUG=1",
					"$(inherited)",
				);
				GCC_WARN_64_TO_32_BIT_CONVERSION = YES;
				GCC_WARN_ABOUT_RETURN_TYPE = YES_ERROR;
				GCC_WARN_UNDECLARED_SELECTOR = YES;
				GCC_WARN_UNINITIALIZED_AUTOS = YES_AGGRESSIVE;
				GCC_WARN_UNUSED_FUNCTION = YES;
				GCC_WARN_UNUSED_VARIABLE = YES;
				MTL_ENABLE_DEBUG_INFO = YES;
				ONLY_ACTIVE_ARCH = YES;
			};
			name = Debug;
		};
		569E97A9207A2A830066A315 /* Release */ = {
			isa = XCBuildConfiguration;
			buildSettings = {
				ALWAYS_SEARCH_USER_PATHS = NO;
				CLANG_ANALYZER_NONNULL = YES;
				CLANG_ANALYZER_NUMBER_OBJECT_CONVERSION = YES_AGGRESSIVE;
				CLANG_CXX_LANGUAGE_STANDARD = "gnu++14";
				CLANG_CXX_LIBRARY = "libc++";
				CLANG_ENABLE_MODULES = YES;
				CLANG_ENABLE_OBJC_ARC = YES;
				CLANG_WARN_BLOCK_CAPTURE_AUTORELEASING = YES;
				CLANG_WARN_BOOL_CONVERSION = YES;
				CLANG_WARN_COMMA = YES;
				CLANG_WARN_CONSTANT_CONVERSION = YES;
				CLANG_WARN_DIRECT_OBJC_ISA_USAGE = YES_ERROR;
				CLANG_WARN_DOCUMENTATION_COMMENTS = YES;
				CLANG_WARN_EMPTY_BODY = YES;
				CLANG_WARN_ENUM_CONVERSION = YES;
				CLANG_WARN_INFINITE_RECURSION = YES;
				CLANG_WARN_INT_CONVERSION = YES;
				CLANG_WARN_NON_LITERAL_NULL_CONVERSION = YES;
				CLANG_WARN_OBJC_LITERAL_CONVERSION = YES;
				CLANG_WARN_OBJC_ROOT_CLASS = YES_ERROR;
				CLANG_WARN_RANGE_LOOP_ANALYSIS = YES;
				CLANG_WARN_STRICT_PROTOTYPES = YES;
				CLANG_WARN_SUSPICIOUS_MOVE = YES;
				CLANG_WARN_UNGUARDED_AVAILABILITY = YES_AGGRESSIVE;
				CLANG_WARN_UNREACHABLE_CODE = YES;
				CLANG_WARN__DUPLICATE_METHOD_MATCH = YES;
				COPY_PHASE_STRIP = NO;
				DEBUG_INFORMATION_FORMAT = "dwarf-with-dsym";
				ENABLE_NS_ASSERTIONS = NO;
				ENABLE_STRICT_OBJC_MSGSEND = YES;
				GCC_C_LANGUAGE_STANDARD = gnu11;
				GCC_NO_COMMON_BLOCKS = YES;
				GCC_WARN_64_TO_32_BIT_CONVERSION = YES;
				GCC_WARN_ABOUT_RETURN_TYPE = YES_ERROR;
				GCC_WARN_UNDECLARED_SELECTOR = YES;
				GCC_WARN_UNINITIALIZED_AUTOS = YES_AGGRESSIVE;
				GCC_WARN_UNUSED_FUNCTION = YES;
				GCC_WARN_UNUSED_VARIABLE = YES;
				MTL_ENABLE_DEBUG_INFO = NO;
			};
			name = Release;
		};
		569E97AB207A2A830066A315 /* Debug */ = {
			isa = XCBuildConfiguration;
			buildSettings = {
				CODE_SIGN_STYLE = Automatic;
				COMBINE_HIDPI_IMAGES = YES;
				DEPLOYMENT_LOCATION = YES;
				DEVELOPMENT_TEAM = X2L8375ZQ7;
				DSTROOT = "~/Library/Application Support/Glyphs/Plugins";
				FRAMEWORK_SEARCH_PATHS = "$(SYSTEM_APPS_DIR)/Glyphs.app/Contents/Frameworks";
				INFOPLIST_FILE = CRHFileFormat/Info.plist;
				INSTALL_PATH = /;
				PRODUCT_BUNDLE_IDENTIFIER = com.schriftgestaltung.CRHFileFormat;
				PRODUCT_NAME = "$(TARGET_NAME)";
				SKIP_INSTALL = YES;
				WRAPPER_EXTENSION = glyphsFileFormat;
			};
			name = Debug;
		};
		569E97AC207A2A830066A315 /* Release */ = {
			isa = XCBuildConfiguration;
			buildSettings = {
				CODE_SIGN_STYLE = Automatic;
				COMBINE_HIDPI_IMAGES = YES;
				DEVELOPMENT_TEAM = X2L8375ZQ7;
				FRAMEWORK_SEARCH_PATHS = "$(SYSTEM_APPS_DIR)/Glyphs.app/Contents/Frameworks";
				INFOPLIST_FILE = CRHFileFormat/Info.plist;
				INSTALL_PATH = /;
				PRODUCT_BUNDLE_IDENTIFIER = com.schriftgestaltung.CRHFileFormat;
				PRODUCT_NAME = "$(TARGET_NAME)";
				SKIP_INSTALL = NO;
				WRAPPER_EXTENSION = glyphsFileFormat;
			};
			name = Release;
		};
		569E97B7207A2BEA0066A315 /* Debug */ = {
			isa = XCBuildConfiguration;
			buildSettings = {
				CODE_SIGN_IDENTITY = "Mac Developer";
				CODE_SIGN_STYLE = Automatic;
				COMBINE_HIDPI_IMAGES = YES;
				DEVELOPMENT_TEAM = X2L8375ZQ7;
				FRAMEWORK_SEARCH_PATHS = "$(SYSTEM_APPS_DIR)/Glyphs.app/Contents/Frameworks";
				INFOPLIST_FILE = testCHR/Info.plist;
				LD_RUNPATH_SEARCH_PATHS = "$(inherited) @executable_path/../Frameworks @loader_path/../Frameworks";
				MACOSX_DEPLOYMENT_TARGET = 10.13;
				PRODUCT_BUNDLE_IDENTIFIER = com.schriftgestaltung.testCHR;
				PRODUCT_NAME = "$(TARGET_NAME)";
				SDKROOT = macosx;
			};
			name = Debug;
		};
		569E97B8207A2BEA0066A315 /* Release */ = {
			isa = XCBuildConfiguration;
			buildSettings = {
				CODE_SIGN_IDENTITY = "Mac Developer";
				CODE_SIGN_STYLE = Automatic;
				COMBINE_HIDPI_IMAGES = YES;
				DEVELOPMENT_TEAM = X2L8375ZQ7;
				FRAMEWORK_SEARCH_PATHS = "$(SYSTEM_APPS_DIR)/Glyphs.app/Contents/Frameworks";
				INFOPLIST_FILE = testCHR/Info.plist;
				LD_RUNPATH_SEARCH_PATHS = "$(inherited) @executable_path/../Frameworks @loader_path/../Frameworks";
				MACOSX_DEPLOYMENT_TARGET = 10.13;
				PRODUCT_BUNDLE_IDENTIFIER = com.schriftgestaltung.testCHR;
				PRODUCT_NAME = "$(TARGET_NAME)";
				SDKROOT = macosx;
			};
			name = Release;
		};
/* End XCBuildConfiguration section */

/* Begin XCConfigurationList section */
		569E978B207A2A830066A315 /* Build configuration list for PBXProject "CRHFileFormat" */ = {
			isa = XCConfigurationList;
			buildConfigurations = (
				569E97A8207A2A830066A315 /* Debug */,
				569E97A9207A2A830066A315 /* Release */,
			);
			defaultConfigurationIsVisible = 0;
			defaultConfigurationName = Release;
		};
		569E97AA207A2A830066A315 /* Build configuration list for PBXNativeTarget "CRHFileFormat" */ = {
			isa = XCConfigurationList;
			buildConfigurations = (
				569E97AB207A2A830066A315 /* Debug */,
				569E97AC207A2A830066A315 /* Release */,
			);
			defaultConfigurationIsVisible = 0;
			defaultConfigurationName = Release;
		};
		569E97B6207A2BEA0066A315 /* Build configuration list for PBXNativeTarget "testCHR" */ = {
			isa = XCConfigurationList;
			buildConfigurations = (
				569E97B7207A2BEA0066A315 /* Debug */,
				569E97B8207A2BEA0066A315 /* Release */,
			);
			defaultConfigurationIsVisible = 0;
			defaultConfigurationName = Release;
		};
/* End XCConfigurationList section */
	};
	rootObject = 569E9788207A2A830066A315 /* Project object */;
}
